
Microsoft Visual Studio Solution File, Format Version 12.00
# Visual Studio Version 17
VisualStudioVersion = 17.2.32616.157
MinimumVisualStudioVersion = 10.0.40219.1
Project("{9A19103F-16F7-4668-BE54-9A1E7A4F7556}") = "EmailService", "EmailService.csproj", "{BF0DFE3D-3DCC-4A20-8E5F-234ED8AABA9F}"
EndProject
Global
	GlobalSection(SolutionConfigurationPlatforms) = preSolution
		Debug|Any CPU = Debug|Any CPU
		Release|Any CPU = Release|Any CPU
	EndGlobalSection
	GlobalSection(ProjectConfigurationPlatforms) = postSolution
		{BF0DFE3D-3DCC-4A20-8E5F-234ED8AABA9F}.Debug|Any CPU.ActiveCfg = Debug|Any CPU
		{BF0DFE3D-3DCC-4A20-8E5F-234ED8AABA9F}.Debug|Any CPU.Build.0 = Debug|Any CPU
		{BF0DFE3D-3DCC-4A20-8E5F-234ED8AABA9F}.Release|Any CPU.ActiveCfg = Release|Any CPU
		{BF0DFE3D-3DCC-4A20-8E5F-234ED8AABA9F}.Release|Any CPU.Build.0 = Release|Any CPU
	EndGlobalSection
	GlobalSection(SolutionProperties) = preSolution
		HideSolutionNode = FALSE
	EndGlobalSection
	GlobalSection(ExtensibilityGlobals) = postSolution
		SolutionGuid = {F552DB34-BD04-4759-BC09-46FEBF4BDC86}
	EndGlobalSection
EndGlobal
